
Microsoft Visual Studio Solution File, Format Version 12.00
# Visual Studio Version 17
VisualStudioVersion = 17.13.35931.197 d17.13
MinimumVisualStudioVersion = 10.0.40219.1
Project("{FAE04EC0-301F-11D3-BF4B-00C04F79EFBC}") = "Alviro", "Alviro\Alviro.csproj", "{4D1F4BA3-BA86-4CF8-BB33-72CA9C9D3572}"
EndProject
Global
	GlobalSection(SolutionConfigurationPlatforms) = preSolution
		Debug|Any CPU = Debug|Any CPU
		Release|Any CPU = Release|Any CPU
	EndGlobalSection
	GlobalSection(ProjectConfigurationPlatforms) = postSolution
		{4D1F4BA3-BA86-4CF8-BB33-72CA9C9D3572}.Debug|Any CPU.ActiveCfg = Debug|Any CPU
		{4D1F4BA3-BA86-4CF8-BB33-72CA9C9D3572}.Debug|Any CPU.Build.0 = Debug|Any CPU
		{4D1F4BA3-BA86-4CF8-BB33-72CA9C9D3572}.Release|Any CPU.ActiveCfg = Release|Any CPU
		{4D1F4BA3-BA86-4CF8-BB33-72CA9C9D3572}.Release|Any CPU.Build.0 = Release|Any CPU
	EndGlobalSection
	GlobalSection(SolutionProperties) = preSolution
		HideSolutionNode = FALSE
	EndGlobalSection
	GlobalSection(ExtensibilityGlobals) = postSolution
		SolutionGuid = {2608B946-EC37-46B9-928D-0454527C5E21}
	EndGlobalSection
EndGlobal
